{
  "version": 4,
  "terraform_version": "1.14.8",
  "serial": 10,
  "lineage": "71c9a10a-689e-0f4a-af8c-46a01c563401",
  "outputs": {},
  "resources": [
    {
      "mode": "managed",
      "type": "azurerm_linux_virtual_machine",
      "name": "main",
      "provider": "provider[\"registry.terraform.io/hashicorp/azurerm\"]",
      "instances": [
        {
          "schema_version": 0,
          "attributes": {
            "additional_capabilities": [],
            "admin_password": "P@ssw0rd1234!",
            "admin_ssh_key": [],
            "admin_username": "adminuser",
            "allow_extension_operations": true,
            "availability_set_id": "",
            "boot_diagnostics": [],
            "bypass_platform_safety_checks_on_user_schedule_enabled": false,
            "capacity_reservation_group_id": "",
            "computer_name": "NextOpsVML01",
            "custom_data": null,
            "dedicated_host_group_id": "",
            "dedicated_host_id": "",
            "disable_password_authentication": false,
            "disk_controller_type": "",
            "edge_zone": "",
            "encryption_at_host_enabled": false,
            "eviction_policy": "",
            "extensions_time_budget": "PT1H30M",
            "gallery_application": [],
            "id": "/subscriptions/a355c32e-4a22-4b05-aab4-be236850fa6e/resourceGroups/NextOpsRG02/providers/Microsoft.Compute/virtualMachines/NextOpsVML01",
            "identity": [],
            "license_type": "",
            "location": "eastus",
            "max_bid_price": -1,
            "name": "NextOpsVML01",
            "network_interface_ids": [
              "/subscriptions/a355c32e-4a22-4b05-aab4-be236850fa6e/resourceGroups/NextOpsRG02/providers/Microsoft.Network/networkInterfaces/NextOpsVML01-nic"
            ],
            "os_disk": [
              {
                "caching": "ReadWrite",
                "diff_disk_settings": [],
                "disk_encryption_set_id": "",
                "disk_size_gb": 30,
                "id": "/subscriptions/a355c32e-4a22-4b05-aab4-be236850fa6e/resourceGroups/NextOpsRG02/providers/Microsoft.Compute/disks/NextOpsVML01_disk1_42ad417843db4ccabdd020a7a11effcd",
                "name": "NextOpsVML01_disk1_42ad417843db4ccabdd020a7a11effcd",
                "secure_vm_disk_encryption_set_id": "",
                "security_encryption_type": "",
                "storage_account_type": "Standard_LRS",
                "write_accelerator_enabled": false
              }
            ],
            "os_image_notification": [],
            "os_managed_disk_id": "/subscriptions/a355c32e-4a22-4b05-aab4-be236850fa6e/resourceGroups/NextOpsRG02/providers/Microsoft.Compute/disks/NextOpsVML01_disk1_42ad417843db4ccabdd020a7a11effcd",
            "patch_assessment_mode": "ImageDefault",
            "patch_mode": "ImageDefault",
            "plan": [],
            "platform_fault_domain": -1,
            "priority": "Regular",
            "private_ip_address": "10.50.0.4",
            "private_ip_addresses": [
              "10.50.0.4"
            ],
            "provision_vm_agent": true,
            "proximity_placement_group_id": "",
            "public_ip_address": "20.39.61.185",
            "public_ip_addresses": [
              "20.39.61.185"
            ],
            "reboot_setting": "",
            "resource_group_name": "NextOpsRG02",
            "secret": [],
            "secure_boot_enabled": false,
            "size": "Standard_B1s",
            "source_image_id": "",
            "source_image_reference": [
              {
                "offer": "0001-com-ubuntu-server-jammy",
                "publisher": "Canonical",
                "sku": "22_04-lts",
                "version": "latest"
              }
            ],
            "tags": null,
            "termination_notification": null,
            "timeouts": null,
            "user_data": "",
            "virtual_machine_id": "d38eafdc-1899-4807-ae3a-1e94a7f4d623",
            "virtual_machine_scale_set_id": "",
            "vm_agent_platform_updates_enabled": false,
            "vtpm_enabled": false,
            "zone": ""
          },
          "sensitive_attributes": [
            [
              {
                "type": "get_attr",
                "value": "admin_password"
              }
            ],
            [
              {
                "type": "get_attr",
                "value": "custom_data"
              }
            ]
          ],
          "identity_schema_version": 0,
          "private": "eyJlMmJmYjczMC1lY2FhLTExZTYtOGY4OC0zNDM2M2JjN2M0YzAiOnsiY3JlYXRlIjoyNzAwMDAwMDAwMDAwLCJkZWxldGUiOjI3MDAwMDAwMDAwMDAsInJlYWQiOjMwMDAwMDAwMDAwMCwidXBkYXRlIjoyNzAwMDAwMDAwMDAwfX0=",
          "dependencies": [
            "azurerm_network_interface.nic1",
            "azurerm_public_ip.myVMPIP01",
            "azurerm_resource_group.myrg1",
            "azurerm_subnet.subnet1",
            "azurerm_virtual_network.myvnet1"
          ]
        }
      ]
    },
    {
      "mode": "managed",
      "type": "azurerm_network_interface",
      "name": "nic1",
      "provider": "provider[\"registry.terraform.io/hashicorp/azurerm\"]",
      "instances": [
        {
          "schema_version": 0,
          "attributes": {
            "accelerated_networking_enabled": false,
            "applied_dns_servers": [],
            "auxiliary_mode": "",
            "auxiliary_sku": "",
            "dns_servers": null,
            "edge_zone": "",
            "id": "/subscriptions/a355c32e-4a22-4b05-aab4-be236850fa6e/resourceGroups/NextOpsRG02/providers/Microsoft.Network/networkInterfaces/NextOpsVML01-nic",
            "internal_dns_name_label": "",
            "internal_domain_name_suffix": "3kiesxrildwufe0gzhfx1hedpg.bx.internal.cloudapp.net",
            "ip_configuration": [
              {
                "gateway_load_balancer_frontend_ip_configuration_id": "",
                "name": "internal",
                "primary": true,
                "private_ip_address": "10.50.0.4",
                "private_ip_address_allocation": "Dynamic",
                "private_ip_address_version": "IPv4",
                "public_ip_address_id": "/subscriptions/a355c32e-4a22-4b05-aab4-be236850fa6e/resourceGroups/NextOpsRG02/providers/Microsoft.Network/publicIPAddresses/NextOpsVML01PIP01",
                "subnet_id": "/subscriptions/a355c32e-4a22-4b05-aab4-be236850fa6e/resourceGroups/NextOpsRG02/providers/Microsoft.Network/virtualNetworks/NextOpsVNET20/subnets/Subnet1"
              }
            ],
            "ip_forwarding_enabled": false,
            "location": "eastus",
            "mac_address": "",
            "name": "NextOpsVML01-nic",
            "private_ip_address": "10.50.0.4",
            "private_ip_addresses": [
              "10.50.0.4"
            ],
            "resource_group_name": "NextOpsRG02",
            "tags": null,
            "timeouts": null,
            "virtual_machine_id": ""
          },
          "sensitive_attributes": [],
          "identity_schema_version": 0,
          "identity": {
            "name": "NextOpsVML01-nic",
            "resource_group_name": "NextOpsRG02",
            "subscription_id": "a355c32e-4a22-4b05-aab4-be236850fa6e"
          },
          "private": "eyJlMmJmYjczMC1lY2FhLTExZTYtOGY4OC0zNDM2M2JjN2M0YzAiOnsiY3JlYXRlIjoxODAwMDAwMDAwMDAwLCJkZWxldGUiOjE4MDAwMDAwMDAwMDAsInJlYWQiOjMwMDAwMDAwMDAwMCwidXBkYXRlIjoxODAwMDAwMDAwMDAwfX0=",
          "dependencies": [
            "azurerm_public_ip.myVMPIP01",
            "azurerm_resource_group.myrg1",
            "azurerm_subnet.subnet1",
            "azurerm_virtual_network.myvnet1"
          ]
        }
      ]
    },
    {
      "mode": "managed",
      "type": "azurerm_network_security_group",
      "name": "nsg1",
      "provider": "provider[\"registry.terraform.io/hashicorp/azurerm\"]",
      "instances": [
        {
          "schema_version": 0,
          "attributes": {
            "id": "/subscriptions/a355c32e-4a22-4b05-aab4-be236850fa6e/resourceGroups/NextOpsRG02/providers/Microsoft.Network/networkSecurityGroups/NextOpsNSGT02",
            "location": "eastus",
            "name": "NextOpsNSGT02",
            "resource_group_name": "NextOpsRG02",
            "security_rule": [],
            "tags": null,
            "timeouts": null
          },
          "sensitive_attributes": [],
          "identity_schema_version": 0,
          "identity": {
            "name": "NextOpsNSGT02",
            "resource_group_name": "NextOpsRG02",
            "subscription_id": "a355c32e-4a22-4b05-aab4-be236850fa6e"
          },
          "private": "eyJlMmJmYjczMC1lY2FhLTExZTYtOGY4OC0zNDM2M2JjN2M0YzAiOnsiY3JlYXRlIjoxODAwMDAwMDAwMDAwLCJkZWxldGUiOjE4MDAwMDAwMDAwMDAsInJlYWQiOjMwMDAwMDAwMDAwMCwidXBkYXRlIjoxODAwMDAwMDAwMDAwfX0=",
          "dependencies": [
            "azurerm_resource_group.myrg1"
          ]
        }
      ]
    },
    {
      "mode": "managed",
      "type": "azurerm_network_security_rule",
      "name": "ssh",
      "provider": "provider[\"registry.terraform.io/hashicorp/azurerm\"]",
      "instances": [
        {
          "schema_version": 0,
          "attributes": {
            "access": "Allow",
            "description": "",
            "destination_address_prefix": "*",
            "destination_address_prefixes": null,
            "destination_application_security_group_ids": null,
            "destination_port_range": "22",
            "destination_port_ranges": null,
            "direction": "Inbound",
            "id": "/subscriptions/a355c32e-4a22-4b05-aab4-be236850fa6e/resourceGroups/NextOpsRG02/providers/Microsoft.Network/networkSecurityGroups/NextOpsNSGT02/securityRules/ssh",
            "name": "ssh",
            "network_security_group_name": "NextOpsNSGT02",
            "priority": 100,
            "protocol": "Tcp",
            "resource_group_name": "NextOpsRG02",
            "source_address_prefix": "*",
            "source_address_prefixes": null,
            "source_application_security_group_ids": null,
            "source_port_range": "*",
            "source_port_ranges": null,
            "timeouts": null
          },
          "sensitive_attributes": [],
          "identity_schema_version": 0,
          "identity": {
            "name": "ssh",
            "network_security_group_name": "NextOpsNSGT02",
            "resource_group_name": "NextOpsRG02",
            "subscription_id": "a355c32e-4a22-4b05-aab4-be236850fa6e"
          },
          "private": "eyJlMmJmYjczMC1lY2FhLTExZTYtOGY4OC0zNDM2M2JjN2M0YzAiOnsiY3JlYXRlIjoxODAwMDAwMDAwMDAwLCJkZWxldGUiOjE4MDAwMDAwMDAwMDAsInJlYWQiOjMwMDAwMDAwMDAwMCwidXBkYXRlIjoxODAwMDAwMDAwMDAwfX0=",
          "dependencies": [
            "azurerm_network_security_group.nsg1",
            "azurerm_resource_group.myrg1"
          ]
        }
      ]
    },
    {
      "mode": "managed",
      "type": "azurerm_public_ip",
      "name": "myVMPIP01",
      "provider": "provider[\"registry.terraform.io/hashicorp/azurerm\"]",
      "instances": [
        {
          "schema_version": 0,
          "attributes": {
            "allocation_method": "Static",
            "ddos_protection_mode": "VirtualNetworkInherited",
            "ddos_protection_plan_id": null,
            "domain_name_label": "",
            "domain_name_label_scope": "",
            "edge_zone": "",
            "fqdn": "",
            "id": "/subscriptions/a355c32e-4a22-4b05-aab4-be236850fa6e/resourceGroups/NextOpsRG02/providers/Microsoft.Network/publicIPAddresses/NextOpsVML01PIP01",
            "idle_timeout_in_minutes": 4,
            "ip_address": "20.39.61.185",
            "ip_tags": null,
            "ip_version": "IPv4",
            "location": "eastus",
            "name": "NextOpsVML01PIP01",
            "public_ip_prefix_id": null,
            "resource_group_name": "NextOpsRG02",
            "reverse_fqdn": "",
            "sku": "Standard",
            "sku_tier": "Regional",
            "tags": null,
            "timeouts": null,
            "zones": null
          },
          "sensitive_attributes": [],
          "identity_schema_version": 0,
          "identity": {
            "name": "NextOpsVML01PIP01",
            "resource_group_name": "NextOpsRG02",
            "subscription_id": "a355c32e-4a22-4b05-aab4-be236850fa6e"
          },
          "private": "eyJlMmJmYjczMC1lY2FhLTExZTYtOGY4OC0zNDM2M2JjN2M0YzAiOnsiY3JlYXRlIjoxODAwMDAwMDAwMDAwLCJkZWxldGUiOjE4MDAwMDAwMDAwMDAsInJlYWQiOjMwMDAwMDAwMDAwMCwidXBkYXRlIjoxODAwMDAwMDAwMDAwfX0=",
          "dependencies": [
            "azurerm_resource_group.myrg1"
          ]
        }
      ]
    },
    {
      "mode": "managed",
      "type": "azurerm_resource_group",
      "name": "myrg1",
      "provider": "provider[\"registry.terraform.io/hashicorp/azurerm\"]",
      "instances": [
        {
          "schema_version": 0,
          "attributes": {
            "id": "/subscriptions/a355c32e-4a22-4b05-aab4-be236850fa6e/resourceGroups/NextOpsRG02",
            "location": "eastus",
            "managed_by": "",
            "name": "NextOpsRG02",
            "tags": null,
            "timeouts": null
          },
          "sensitive_attributes": [],
          "identity_schema_version": 0,
          "identity": {
            "name": "NextOpsRG02",
            "subscription_id": "a355c32e-4a22-4b05-aab4-be236850fa6e"
          },
          "private": "eyJlMmJmYjczMC1lY2FhLTExZTYtOGY4OC0zNDM2M2JjN2M0YzAiOnsiY3JlYXRlIjo1NDAwMDAwMDAwMDAwLCJkZWxldGUiOjU0MDAwMDAwMDAwMDAsInJlYWQiOjMwMDAwMDAwMDAwMCwidXBkYXRlIjo1NDAwMDAwMDAwMDAwfX0="
        }
      ]
    },
    {
      "mode": "managed",
      "type": "azurerm_subnet",
      "name": "subnet1",
      "provider": "provider[\"registry.terraform.io/hashicorp/azurerm\"]",
      "instances": [
        {
          "schema_version": 0,
          "attributes": {
            "address_prefixes": [
              "10.50.0.0/24"
            ],
            "default_outbound_access_enabled": true,
            "delegation": [],
            "id": "/subscriptions/a355c32e-4a22-4b05-aab4-be236850fa6e/resourceGroups/NextOpsRG02/providers/Microsoft.Network/virtualNetworks/NextOpsVNET20/subnets/Subnet1",
            "ip_address_pool": [],
            "name": "Subnet1",
            "private_endpoint_network_policies": "Disabled",
            "private_link_service_network_policies_enabled": true,
            "resource_group_name": "NextOpsRG02",
            "service_endpoint_policy_ids": null,
            "service_endpoints": null,
            "sharing_scope": "",
            "timeouts": null,
            "virtual_network_name": "NextOpsVNET20"
          },
          "sensitive_attributes": [],
          "identity_schema_version": 0,
          "identity": {
            "name": "Subnet1",
            "resource_group_name": "NextOpsRG02",
            "subscription_id": "a355c32e-4a22-4b05-aab4-be236850fa6e",
            "virtual_network_name": "NextOpsVNET20"
          },
          "private": "eyJlMmJmYjczMC1lY2FhLTExZTYtOGY4OC0zNDM2M2JjN2M0YzAiOnsiY3JlYXRlIjoxODAwMDAwMDAwMDAwLCJkZWxldGUiOjE4MDAwMDAwMDAwMDAsInJlYWQiOjMwMDAwMDAwMDAwMCwidXBkYXRlIjoxODAwMDAwMDAwMDAwfX0=",
          "dependencies": [
            "azurerm_resource_group.myrg1",
            "azurerm_virtual_network.myvnet1"
          ]
        }
      ]
    },
    {
      "mode": "managed",
      "type": "azurerm_subnet_network_security_group_association",
      "name": "nsg_assoc1",
      "provider": "provider[\"registry.terraform.io/hashicorp/azurerm\"]",
      "instances": [
        {
          "schema_version": 0,
          "attributes": {
            "id": "/subscriptions/a355c32e-4a22-4b05-aab4-be236850fa6e/resourceGroups/NextOpsRG02/providers/Microsoft.Network/virtualNetworks/NextOpsVNET20/subnets/Subnet1",
            "network_security_group_id": "/subscriptions/a355c32e-4a22-4b05-aab4-be236850fa6e/resourceGroups/NextOpsRG02/providers/Microsoft.Network/networkSecurityGroups/NextOpsNSGT02",
            "subnet_id": "/subscriptions/a355c32e-4a22-4b05-aab4-be236850fa6e/resourceGroups/NextOpsRG02/providers/Microsoft.Network/virtualNetworks/NextOpsVNET20/subnets/Subnet1",
            "timeouts": null
          },
          "sensitive_attributes": [],
          "identity_schema_version": 0,
          "private": "eyJlMmJmYjczMC1lY2FhLTExZTYtOGY4OC0zNDM2M2JjN2M0YzAiOnsiY3JlYXRlIjoxODAwMDAwMDAwMDAwLCJkZWxldGUiOjE4MDAwMDAwMDAwMDAsInJlYWQiOjMwMDAwMDAwMDAwMH19",
          "dependencies": [
            "azurerm_network_security_group.nsg1",
            "azurerm_resource_group.myrg1",
            "azurerm_subnet.subnet1",
            "azurerm_virtual_network.myvnet1"
          ]
        }
      ]
    },
    {
      "mode": "managed",
      "type": "azurerm_virtual_network",
      "name": "myvnet1",
      "provider": "provider[\"registry.terraform.io/hashicorp/azurerm\"]",
      "instances": [
        {
          "schema_version": 0,
          "attributes": {
            "address_space": [
              "10.50.0.0/16"
            ],
            "bgp_community": "",
            "ddos_protection_plan": [],
            "dns_servers": [],
            "edge_zone": "",
            "encryption": [],
            "flow_timeout_in_minutes": 0,
            "guid": "5e4990ea-5828-42ed-9346-c9cb7d9c837e",
            "id": "/subscriptions/a355c32e-4a22-4b05-aab4-be236850fa6e/resourceGroups/NextOpsRG02/providers/Microsoft.Network/virtualNetworks/NextOpsVNET20",
            "ip_address_pool": [],
            "location": "eastus",
            "name": "NextOpsVNET20",
            "private_endpoint_vnet_policies": "Disabled",
            "resource_group_name": "NextOpsRG02",
            "subnet": [],
            "tags": null,
            "timeouts": null
          },
          "sensitive_attributes": [],
          "identity_schema_version": 0,
          "identity": {
            "name": "NextOpsVNET20",
            "resource_group_name": "NextOpsRG02",
            "subscription_id": "a355c32e-4a22-4b05-aab4-be236850fa6e"
          },
          "private": "eyJlMmJmYjczMC1lY2FhLTExZTYtOGY4OC0zNDM2M2JjN2M0YzAiOnsiY3JlYXRlIjoxODAwMDAwMDAwMDAwLCJkZWxldGUiOjE4MDAwMDAwMDAwMDAsInJlYWQiOjMwMDAwMDAwMDAwMCwidXBkYXRlIjoxODAwMDAwMDAwMDAwfX0=",
          "dependencies": [
            "azurerm_resource_group.myrg1"
          ]
        }
      ]
    }
  ],
  "check_results": null
}
